// !$*UTF8*$!
{
	archiveVersion = 1;
	classes = {
	};
	objectVersion = 77;
	objects = {

/* Begin PBXBuildFile section */
		04EF61627A1F68150D5410F3 /* DeepLinkHandler.swift in Sources */ = {isa = PBXBuildFile; fileRef = 2292E168E94990D81182D948 /* DeepLinkHandler.swift */; };
		2AF3A868DF5AD0C4FE667982 /* TrackingSDK.swift in Sources */ = {isa = PBXBuildFile; fileRef = 66FE51577020DBDD8F3C6F24 /* TrackingSDK.swift */; };
		3506409C30CEEEF6A91A2060 /* ShortLinkDetector.swift in Sources */ = {isa = PBXBuildFile; fileRef = 85C027C78F1D040A920ACA96 /* ShortLinkDetector.swift */; };
		AC47F72C53F14A863FB75635 /* StorageManager.swift in Sources */ = {isa = PBXBuildFile; fileRef = AE1F625F177718F9F8480D4E /* StorageManager.swift */; };
		AD9FD30E240D6AC2BABF5837 /* EventTracker.swift in Sources */ = {isa = PBXBuildFile; fileRef = 277EA01712F21CF62872A20A /* EventTracker.swift */; };
		CBDF5D72049A8F888743EDB3 /* Models.swift in Sources */ = {isa = PBXBuildFile; fileRef = 8BFC3FD8081F9DC3B9F05E17 /* Models.swift */; };
		ED469C081781E456689254B2 /* InstallReferrerManager.swift in Sources */ = {isa = PBXBuildFile; fileRef = 5DE57BFBD7846C7FD619238C /* InstallReferrerManager.swift */; };
		EEA3E03A5593FA21EEC813BB /* NetworkClient.swift in Sources */ = {isa = PBXBuildFile; fileRef = 31E713E4D51B026433B9424D /* NetworkClient.swift */; };
/* End PBXBuildFile section */

/* Begin PBXFileReference section */
		2292E168E94990D81182D948 /* DeepLinkHandler.swift */ = {isa = PBXFileReference; lastKnownFileType = sourcecode.swift; path = DeepLinkHandler.swift; sourceTree = "<group>"; };
		277EA01712F21CF62872A20A /* EventTracker.swift */ = {isa = PBXFileReference; lastKnownFileType = sourcecode.swift; path = EventTracker.swift; sourceTree = "<group>"; };
		31E713E4D51B026433B9424D /* NetworkClient.swift */ = {isa = PBXFileReference; lastKnownFileType = sourcecode.swift; path = NetworkClient.swift; sourceTree = "<group>"; };
		4A117CE10FE197F90002C550 /* InhouseTrackingSDK.framework */ = {isa = PBXFileReference; explicitFileType = wrapper.framework; includeInIndex = 0; path = InhouseTrackingSDK.framework; sourceTree = BUILT_PRODUCTS_DIR; };
		5DE57BFBD7846C7FD619238C /* InstallReferrerManager.swift */ = {isa = PBXFileReference; lastKnownFileType = sourcecode.swift; path = InstallReferrerManager.swift; sourceTree = "<group>"; };
		66FE51577020DBDD8F3C6F24 /* TrackingSDK.swift */ = {isa = PBXFileReference; lastKnownFileType = sourcecode.swift; path = TrackingSDK.swift; sourceTree = "<group>"; };
		85C027C78F1D040A920ACA96 /* ShortLinkDetector.swift */ = {isa = PBXFileReference; lastKnownFileType = sourcecode.swift; path = ShortLinkDetector.swift; sourceTree = "<group>"; };
		8BFC3FD8081F9DC3B9F05E17 /* Models.swift */ = {isa = PBXFileReference; lastKnownFileType = sourcecode.swift; path = Models.swift; sourceTree = "<group>"; };
		AE1F625F177718F9F8480D4E /* StorageManager.swift */ = {isa = PBXFileReference; lastKnownFileType = sourcecode.swift; path = StorageManager.swift; sourceTree = "<group>"; };
		EFB667A11F8E7B467BD564A1 /* Info.plist */ = {isa = PBXFileReference; lastKnownFileType = text.plist; path = Info.plist; sourceTree = "<group>"; };
/* End PBXFileReference section */

/* Begin PBXGroup section */
		663A390997E29C7394786A4D = {
			isa = PBXGroup;
			children = (
				FB847BF36750B8915BBB2BCE /* InhouseTrackingSDK */,
				BFF5C47BA50C4DB42581FC36 /* Products */,
			);
			sourceTree = "<group>";
		};
		BFF5C47BA50C4DB42581FC36 /* Products */ = {
			isa = PBXGroup;
			children = (
				4A117CE10FE197F90002C550 /* InhouseTrackingSDK.framework */,
			);
			name = Products;
			sourceTree = "<group>";
		};
		FB847BF36750B8915BBB2BCE /* InhouseTrackingSDK */ = {
			isa = PBXGroup;
			children = (
				2292E168E94990D81182D948 /* DeepLinkHandler.swift */,
				277EA01712F21CF62872A20A /* EventTracker.swift */,
				EFB667A11F8E7B467BD564A1 /* Info.plist */,
				5DE57BFBD7846C7FD619238C /* InstallReferrerManager.swift */,
				8BFC3FD8081F9DC3B9F05E17 /* Models.swift */,
				31E713E4D51B026433B9424D /* NetworkClient.swift */,
				85C027C78F1D040A920ACA96 /* ShortLinkDetector.swift */,
				AE1F625F177718F9F8480D4E /* StorageManager.swift */,
				66FE51577020DBDD8F3C6F24 /* TrackingSDK.swift */,
			);
			path = InhouseTrackingSDK;
			sourceTree = "<group>";
		};
/* End PBXGroup section */

/* Begin PBXNativeTarget section */
		3F8C4BC6CF0ECAAED6198CEB /* InhouseTrackingSDK */ = {
			isa = PBXNativeTarget;
			buildConfigurationList = 30302DE4F5CDEEA7355D549E /* Build configuration list for PBXNativeTarget "InhouseTrackingSDK" */;
			buildPhases = (
				67947141DC2A118799E15317 /* Sources */,
			);
			buildRules = (
			);
			dependencies = (
			);
			name = InhouseTrackingSDK;
			packageProductDependencies = (
			);
			productName = InhouseTrackingSDK;
			productReference = 4A117CE10FE197F90002C550 /* InhouseTrackingSDK.framework */;
			productType = "com.apple.product-type.framework";
		};
/* End PBXNativeTarget section */

/* Begin PBXProject section */
		5769D7DA161DB512A182D564 /* Project object */ = {
			isa = PBXProject;
			attributes = {
				BuildIndependentTargetsInParallel = YES;
				LastUpgradeCheck = 1500;
			};
			buildConfigurationList = B401FD5480C959B3B319A7F2 /* Build configuration list for PBXProject "InhouseTrackingSDK" */;
			compatibilityVersion = "Xcode 14.0";
			developmentRegion = en;
			hasScannedForEncodings = 0;
			knownRegions = (
				Base,
				en,
			);
			mainGroup = 663A390997E29C7394786A4D;
			minimizedProjectReferenceProxies = 1;
			preferredProjectObjectVersion = 77;
			projectDirPath = "";
			projectRoot = "";
			targets = (
				3F8C4BC6CF0ECAAED6198CEB /* InhouseTrackingSDK */,
			);
		};
/* End PBXProject section */

/* Begin PBXSourcesBuildPhase section */
		67947141DC2A118799E15317 /* Sources */ = {
			isa = PBXSourcesBuildPhase;
			buildActionMask = 2147483647;
			files = (
				04EF61627A1F68150D5410F3 /* DeepLinkHandler.swift in Sources */,
				AD9FD30E240D6AC2BABF5837 /* EventTracker.swift in Sources */,
				ED469C081781E456689254B2 /* InstallReferrerManager.swift in Sources */,
				CBDF5D72049A8F888743EDB3 /* Models.swift in Sources */,
				EEA3E03A5593FA21EEC813BB /* NetworkClient.swift in Sources */,
				3506409C30CEEEF6A91A2060 /* ShortLinkDetector.swift in Sources */,
				AC47F72C53F14A863FB75635 /* StorageManager.swift in Sources */,
				2AF3A868DF5AD0C4FE667982 /* TrackingSDK.swift in Sources */,
			);
			runOnlyForDeploymentPostprocessing = 0;
		};
/* End PBXSourcesBuildPhase section */

/* Begin XCBuildConfiguration section */
		1082CF2409821453DEC5FE86 /* Debug */ = {
			isa = XCBuildConfiguration;
			buildSettings = {
				ALWAYS_SEARCH_USER_PATHS = NO;
				CLANG_ANALYZER_NONNULL = YES;
				CLANG_ANALYZER_NUMBER_OBJECT_CONVERSION = YES_AGGRESSIVE;
				CLANG_CXX_LANGUAGE_STANDARD = "gnu++14";
				CLANG_CXX_LIBRARY = "libc++";
				CLANG_ENABLE_MODULES = YES;
				CLANG_ENABLE_OBJC_ARC = YES;
				CLANG_ENABLE_OBJC_WEAK = YES;
				CLANG_WARN_BLOCK_CAPTURE_AUTORELEASING = YES;
				CLANG_WARN_BOOL_CONVERSION = YES;
				CLANG_WARN_COMMA = YES;
				CLANG_WARN_CONSTANT_CONVERSION = YES;
				CLANG_WARN_DEPRECATED_OBJC_IMPLEMENTATIONS = YES;
				CLANG_WARN_DIRECT_OBJC_ISA_USAGE = YES_ERROR;
				CLANG_WARN_DOCUMENTATION_COMMENTS = YES;
				CLANG_WARN_EMPTY_BODY = YES;
				CLANG_WARN_ENUM_CONVERSION = YES;
				CLANG_WARN_INFINITE_RECURSION = YES;
				CLANG_WARN_INT_CONVERSION = YES;
				CLANG_WARN_NON_LITERAL_NULL_CONVERSION = YES;
				CLANG_WARN_OBJC_IMPLICIT_RETAIN_SELF = YES;
				CLANG_WARN_OBJC_LITERAL_CONVERSION = YES;
				CLANG_WARN_OBJC_ROOT_CLASS = YES_ERROR;
				CLANG_WARN_QUOTED_INCLUDE_IN_FRAMEWORK_HEADER = YES;
				CLANG_WARN_RANGE_LOOP_ANALYSIS = YES;
				CLANG_WARN_STRICT_PROTOTYPES = YES;
				CLANG_WARN_SUSPICIOUS_MOVE = YES;
				CLANG_WARN_UNGUARDED_AVAILABILITY = YES_AGGRESSIVE;
				CLANG_WARN_UNREACHABLE_CODE = YES;
				CLANG_WARN__DUPLICATE_METHOD_MATCH = YES;
				COPY_PHASE_STRIP = NO;
				DEBUG_INFORMATION_FORMAT = dwarf;
				ENABLE_STRICT_OBJC_MSGSEND = YES;
				ENABLE_TESTABILITY = YES;
				GCC_C_LANGUAGE_STANDARD = gnu11;
				GCC_DYNAMIC_NO_PIC = NO;
				GCC_NO_COMMON_BLOCKS = YES;
				GCC_OPTIMIZATION_LEVEL = 0;
				GCC_PREPROCESSOR_DEFINITIONS = (
					"$(inherited)",
					"DEBUG=1",
				);
				GCC_WARN_64_TO_32_BIT_CONVERSION = YES;
				GCC_WARN_ABOUT_RETURN_TYPE = YES_ERROR;
				GCC_WARN_UNDECLARED_SELECTOR = YES;
				GCC_WARN_UNINITIALIZED_AUTOS = YES_AGGRESSIVE;
				GCC_WARN_UNUSED_FUNCTION = YES;
				GCC_WARN_UNUSED_VARIABLE = YES;
				IPHONEOS_DEPLOYMENT_TARGET = 14.0;
				MACOSX_DEPLOYMENT_TARGET = 11.0;
				MTL_ENABLE_DEBUG_INFO = INCLUDE_SOURCE;
				MTL_FAST_MATH = YES;
				ONLY_ACTIVE_ARCH = YES;
				PRODUCT_NAME = "$(TARGET_NAME)";
				SDKROOT = iphoneos;
				SWIFT_ACTIVE_COMPILATION_CONDITIONS = DEBUG;
				SWIFT_OPTIMIZATION_LEVEL = "-Onone";
				SWIFT_VERSION = 5.0;
			};
			name = Debug;
		};
		86A7EE68878BA76FFD682978 /* Release */ = {
			isa = XCBuildConfiguration;
			buildSettings = {
				ALWAYS_SEARCH_USER_PATHS = NO;
				CLANG_ANALYZER_NONNULL = YES;
				CLANG_ANALYZER_NUMBER_OBJECT_CONVERSION = YES_AGGRESSIVE;
				CLANG_CXX_LANGUAGE_STANDARD = "gnu++14";
				CLANG_CXX_LIBRARY = "libc++";
				CLANG_ENABLE_MODULES = YES;
				CLANG_ENABLE_OBJC_ARC = YES;
				CLANG_ENABLE_OBJC_WEAK = YES;
				CLANG_WARN_BLOCK_CAPTURE_AUTORELEASING = YES;
				CLANG_WARN_BOOL_CONVERSION = YES;
				CLANG_WARN_COMMA = YES;
				CLANG_WARN_CONSTANT_CONVERSION = YES;
				CLANG_WARN_DEPRECATED_OBJC_IMPLEMENTATIONS = YES;
				CLANG_WARN_DIRECT_OBJC_ISA_USAGE = YES_ERROR;
				CLANG_WARN_DOCUMENTATION_COMMENTS = YES;
				CLANG_WARN_EMPTY_BODY = YES;
				CLANG_WARN_ENUM_CONVERSION = YES;
				CLANG_WARN_INFINITE_RECURSION = YES;
				CLANG_WARN_INT_CONVERSION = YES;
				CLANG_WARN_NON_LITERAL_NULL_CONVERSION = YES;
				CLANG_WARN_OBJC_IMPLICIT_RETAIN_SELF = YES;
				CLANG_WARN_OBJC_LITERAL_CONVERSION = YES;
				CLANG_WARN_OBJC_ROOT_CLASS = YES_ERROR;
				CLANG_WARN_QUOTED_INCLUDE_IN_FRAMEWORK_HEADER = YES;
				CLANG_WARN_RANGE_LOOP_ANALYSIS = YES;
				CLANG_WARN_STRICT_PROTOTYPES = YES;
				CLANG_WARN_SUSPICIOUS_MOVE = YES;
				CLANG_WARN_UNGUARDED_AVAILABILITY = YES_AGGRESSIVE;
				CLANG_WARN_UNREACHABLE_CODE = YES;
				CLANG_WARN__DUPLICATE_METHOD_MATCH = YES;
				COPY_PHASE_STRIP = NO;
				DEBUG_INFORMATION_FORMAT = "dwarf-with-dsym";
				ENABLE_NS_ASSERTIONS = NO;
				ENABLE_STRICT_OBJC_MSGSEND = YES;
				GCC_C_LANGUAGE_STANDARD = gnu11;
				GCC_NO_COMMON_BLOCKS = YES;
				GCC_WARN_64_TO_32_BIT_CONVERSION = YES;
				GCC_WARN_ABOUT_RETURN_TYPE = YES_ERROR;
				GCC_WARN_UNDECLARED_SELECTOR = YES;
				GCC_WARN_UNINITIALIZED_AUTOS = YES_AGGRESSIVE;
				GCC_WARN_UNUSED_FUNCTION = YES;
				GCC_WARN_UNUSED_VARIABLE = YES;
				IPHONEOS_DEPLOYMENT_TARGET = 14.0;
				MACOSX_DEPLOYMENT_TARGET = 11.0;
				MTL_ENABLE_DEBUG_INFO = NO;
				MTL_FAST_MATH = YES;
				PRODUCT_NAME = "$(TARGET_NAME)";
				SDKROOT = iphoneos;
				SWIFT_COMPILATION_MODE = wholemodule;
				SWIFT_OPTIMIZATION_LEVEL = "-O";
				SWIFT_VERSION = 5.0;
			};
			name = Release;
		};
		CE16C9A6EE09F7521592CCBD /* Release */ = {
			isa = XCBuildConfiguration;
			buildSettings = {
				CODE_SIGN_IDENTITY = "";
				CURRENT_PROJECT_VERSION = 1;
				DEFINES_MODULE = YES;
				DYLIB_COMPATIBILITY_VERSION = 1;
				DYLIB_CURRENT_VERSION = 1;
				DYLIB_INSTALL_NAME_BASE = "@rpath";
				INFOPLIST_FILE = InhouseTrackingSDK/Info.plist;
				INSTALL_PATH = "$(LOCAL_LIBRARY_DIR)/Frameworks";
				IPHONEOS_DEPLOYMENT_TARGET = 14.0;
				LD_RUNPATH_SEARCH_PATHS = (
					"$(inherited)",
					"@executable_path/Frameworks",
				);
				PRODUCT_BUNDLE_IDENTIFIER = co.tryinhouse.InhouseTrackingSDK;
				PRODUCT_NAME = InhouseTrackingSDK;
				SDKROOT = iphoneos;
				SKIP_INSTALL = YES;
				SWIFT_VERSION = 5.0;
				TARGETED_DEVICE_FAMILY = "1,2";
				VERSIONING_SYSTEM = "apple-generic";
			};
			name = Release;
		};
		EF94C44D178389543294235A /* Debug */ = {
			isa = XCBuildConfiguration;
			buildSettings = {
				CODE_SIGN_IDENTITY = "";
				CURRENT_PROJECT_VERSION = 1;
				DEFINES_MODULE = YES;
				DYLIB_COMPATIBILITY_VERSION = 1;
				DYLIB_CURRENT_VERSION = 1;
				DYLIB_INSTALL_NAME_BASE = "@rpath";
				INFOPLIST_FILE = InhouseTrackingSDK/Info.plist;
				INSTALL_PATH = "$(LOCAL_LIBRARY_DIR)/Frameworks";
				IPHONEOS_DEPLOYMENT_TARGET = 14.0;
				LD_RUNPATH_SEARCH_PATHS = (
					"$(inherited)",
					"@executable_path/Frameworks",
				);
				PRODUCT_BUNDLE_IDENTIFIER = co.tryinhouse.InhouseTrackingSDK;
				PRODUCT_NAME = InhouseTrackingSDK;
				SDKROOT = iphoneos;
				SKIP_INSTALL = YES;
				SWIFT_VERSION = 5.0;
				TARGETED_DEVICE_FAMILY = "1,2";
				VERSIONING_SYSTEM = "apple-generic";
			};
			name = Debug;
		};
/* End XCBuildConfiguration section */

/* Begin XCConfigurationList section */
		30302DE4F5CDEEA7355D549E /* Build configuration list for PBXNativeTarget "InhouseTrackingSDK" */ = {
			isa = XCConfigurationList;
			buildConfigurations = (
				EF94C44D178389543294235A /* Debug */,
				CE16C9A6EE09F7521592CCBD /* Release */,
			);
			defaultConfigurationIsVisible = 0;
			defaultConfigurationName = Debug;
		};
		B401FD5480C959B3B319A7F2 /* Build configuration list for PBXProject "InhouseTrackingSDK" */ = {
			isa = XCConfigurationList;
			buildConfigurations = (
				1082CF2409821453DEC5FE86 /* Debug */,
				86A7EE68878BA76FFD682978 /* Release */,
			);
			defaultConfigurationIsVisible = 0;
			defaultConfigurationName = Debug;
		};
/* End XCConfigurationList section */
	};
	rootObject = 5769D7DA161DB512A182D564 /* Project object */;
}
